{
  "version": 4,
  "terraform_version": "1.14.7",
  "serial": 25,
  "lineage": "7bd4c9de-5c89-adfa-fe1a-67722df76283",
  "outputs": {},
  "resources": [
    {
      "module": "module.iam",
      "mode": "managed",
      "type": "yandex_iam_service_account",
      "name": "this",
      "provider": "module.iam.provider[\"registry.terraform.io/yandex-cloud/yandex\"]",
      "instances": [
        {
          "schema_version": 0,
          "attributes": {
            "created_at": "2026-04-24T10:23:25Z",
            "description": "service account to manage k8s",
            "folder_id": "b1gbcinm5lpgelt9pfrs",
            "id": "ajesss7ak2grcc6055kl",
            "name": "k8s-prod",
            "timeouts": null
          },
          "sensitive_attributes": [],
          "identity_schema_version": 0,
          "private": "eyJlMmJmYjczMC1lY2FhLTExZTYtOGY4OC0zNDM2M2JjN2M0YzAiOnsiY3JlYXRlIjo2MDAwMDAwMDAwMCwiZGVsZXRlIjo2MDAwMDAwMDAwMCwidXBkYXRlIjo2MDAwMDAwMDAwMH19"
        }
      ]
    },
    {
      "module": "module.iam",
      "mode": "managed",
      "type": "yandex_resourcemanager_folder_iam_member",
      "name": "editor",
      "provider": "module.iam.provider[\"registry.terraform.io/yandex-cloud/yandex\"]",
      "instances": [
        {
          "schema_version": 0,
          "attributes": {
            "folder_id": "b1gbcinm5lpgelt9pfrs",
            "id": "b1gbcinm5lpgelt9pfrs/editor/serviceAccount:ajesss7ak2grcc6055kl",
            "member": "serviceAccount:ajesss7ak2grcc6055kl",
            "role": "editor",
            "sleep_after": null,
            "timeouts": null
          },
          "sensitive_attributes": [],
          "identity_schema_version": 0,
          "private": "eyJlMmJmYjczMC1lY2FhLTExZTYtOGY4OC0zNDM2M2JjN2M0YzAiOnsiY3JlYXRlIjo2MDAwMDAwMDAwMCwiZGVmYXVsdCI6NjAwMDAwMDAwMDAsImRlbGV0ZSI6NjAwMDAwMDAwMDAsInJlYWQiOjYwMDAwMDAwMDAwLCJ1cGRhdGUiOjYwMDAwMDAwMDAwfX0=",
          "dependencies": [
            "module.iam.yandex_iam_service_account.this"
          ]
        }
      ]
    },
    {
      "module": "module.k8s_cluster",
      "mode": "managed",
      "type": "yandex_kubernetes_cluster",
      "name": "this",
      "provider": "module.k8s_cluster.provider[\"registry.terraform.io/yandex-cloud/yandex\"]",
      "instances": [
        {
          "schema_version": 0,
          "attributes": {
            "cluster_ipv4_range": "10.112.0.0/16",
            "cluster_ipv6_range": "",
            "created_at": "2026-04-24T10:23:28Z",
            "description": "",
            "folder_id": "b1gbcinm5lpgelt9pfrs",
            "health": "healthy",
            "id": "cattoutqj5pgso1vko4u",
            "kms_provider": [],
            "labels": {},
            "log_group_id": "",
            "master": [
              {
                "cluster_ca_certificate": "-----BEGIN CERTIFICATE-----\nMIIC5zCCAc+gAwIBAgIBADANBgkqhkiG9w0BAQsFADAVMRMwEQYDVQQDEwprdWJl\ncm5ldGVzMB4XDTI2MDQyNDEwMjMzMFoXDTM2MDQyMTEwMjMzMFowFTETMBEGA1UE\nAxMKa3ViZXJuZXRlczCCASIwDQYJKoZIhvcNAQEBBQADggEPADCCAQoCggEBAL4m\nAbVomdeZH4u2m7FLwvhekLA53DP8qZxZLoglZ/uknmU6wXp9kewepnJ/KuHmilND\nSUXU2mTe+xnCmDjhtW4xRYF6YBZU424tSDHoMKmSDvvl3L7IegXmGn3OdpJul4Ts\nXE7ST9lbjv89p0RBDMpJ4EZlZwq9Tssw7cImzD/lEVlIf8Ru47UFMbQQKPIMR37G\n+n6lXZ4QPcyOSLXZt+5YVZ14nyXgyGXmJKflb2bc5TuDCITfj9lEq7f+JDTEUzcy\nuGLylCGzpHu4yvP+GJNb4zbl4Pkt5JFFOFi7zxgf1bcIho5kBABbnizm1Hh60Ori\nV95V8WW2L4cu1jn0UM8CAwEAAaNCMEAwDgYDVR0PAQH/BAQDAgKkMA8GA1UdEwEB\n/wQFMAMBAf8wHQYDVR0OBBYEFHjtEDEBn+tlQISP+Elzqa8//VZFMA0GCSqGSIb3\nDQEBCwUAA4IBAQA8kppPGQEBV+mRhHczJWzjGnfEYkjLGzSEiYlJ7g5qKYEz3pb+\nuB7waXWgiiosLPXSqFd6+2Fj/3xhYpagwJb2ykzhUyGv1y+y3P0OaoefZhLjrynL\nfW4ZL14is6ERWDP+zYfa46cly9XlKjDr7JPircHBEGn5Tky9sLwTGbf7VA7dvPU2\nBEajynjynw8JkPcMm0qAZRr0k3fI2WS4ga2dgSZLfOZFcMcU5oyfmSpa4S9v+vSC\n2CVzjoyHaWzCR5kx1oFbVCqkA+ahRGaUVJGfVJ8WXflCbE1Hi0yFPJWzm83oES7Y\ne3JPX6/1YE/HoGGYpQWhWXTiJCDJIMUxeWWe\n-----END CERTIFICATE-----\n",
                "etcd_cluster_size": 1,
                "external_v4_address": "103.76.52.123",
                "external_v4_endpoint": "https://103.76.52.123",
                "external_v6_address": "",
                "external_v6_endpoint": "",
                "internal_v4_address": "172.16.0.21",
                "internal_v4_endpoint": "https://172.16.0.21",
                "maintenance_policy": [
                  {
                    "auto_upgrade": true,
                    "maintenance_window": []
                  }
                ],
                "master_location": [
                  {
                    "subnet_id": "e2lm4ls2vnpknrs7g85f",
                    "zone": "ru-central1-b"
                  }
                ],
                "master_logging": [],
                "public_ip": true,
                "regional": [],
                "security_group_ids": null,
                "version": "1.32",
                "version_info": [
                  {
                    "current_version": "1.32",
                    "new_revision_available": false,
                    "new_revision_summary": "",
                    "version_deprecated": false
                  }
                ],
                "zonal": [
                  {
                    "subnet_id": "",
                    "zone": "ru-central1-b"
                  }
                ]
              }
            ],
            "name": "zonal-k8s-prod",
            "network_id": "enp2jj3obrnkguehhbgj",
            "network_implementation": [],
            "network_policy_provider": null,
            "node_ipv4_cidr_mask_size": 24,
            "node_service_account_id": "ajesss7ak2grcc6055kl",
            "release_channel": "REGULAR",
            "service_account_id": "ajesss7ak2grcc6055kl",
            "service_ipv4_range": "10.96.0.0/16",
            "service_ipv6_range": "",
            "status": "running",
            "timeouts": null
          },
          "sensitive_attributes": [],
          "identity_schema_version": 0,
          "private": "eyJlMmJmYjczMC1lY2FhLTExZTYtOGY4OC0zNDM2M2JjN2M0YzAiOnsiY3JlYXRlIjoxODAwMDAwMDAwMDAwLCJkZWxldGUiOjEyMDAwMDAwMDAwMDAsInJlYWQiOjMwMDAwMDAwMDAwMCwidXBkYXRlIjoxODAwMDAwMDAwMDAwfX0=",
          "dependencies": [
            "module.iam.yandex_iam_service_account.this",
            "module.network.yandex_vpc_network.this",
            "module.network.yandex_vpc_subnet.this"
          ]
        }
      ]
    },
    {
      "module": "module.network",
      "mode": "managed",
      "type": "yandex_vpc_network",
      "name": "this",
      "provider": "module.network.provider[\"registry.terraform.io/yandex-cloud/yandex\"]",
      "instances": [
        {
          "schema_version": 0,
          "attributes": {
            "created_at": "2026-04-24T10:23:24Z",
            "default_security_group_id": "enpddpp6fsq1p10ut54g",
            "description": "",
            "folder_id": "b1gbcinm5lpgelt9pfrs",
            "id": "enp2jj3obrnkguehhbgj",
            "labels": {},
            "name": "prod-vpc",
            "subnet_ids": [],
            "timeouts": null
          },
          "sensitive_attributes": [],
          "identity_schema_version": 0,
          "private": "eyJlMmJmYjczMC1lY2FhLTExZTYtOGY4OC0zNDM2M2JjN2M0YzAiOnsiY3JlYXRlIjo2MDAwMDAwMDAwMCwiZGVsZXRlIjo2MDAwMDAwMDAwMCwidXBkYXRlIjo2MDAwMDAwMDAwMH19"
        }
      ]
    },
    {
      "module": "module.network",
      "mode": "managed",
      "type": "yandex_vpc_subnet",
      "name": "this",
      "provider": "module.network.provider[\"registry.terraform.io/yandex-cloud/yandex\"]",
      "instances": [
        {
          "schema_version": 0,
          "attributes": {
            "created_at": "2026-04-24T10:23:27Z",
            "description": "",
            "dhcp_options": [],
            "folder_id": "b1gbcinm5lpgelt9pfrs",
            "id": "e2lm4ls2vnpknrs7g85f",
            "labels": {},
            "name": "",
            "network_id": "enp2jj3obrnkguehhbgj",
            "route_table_id": "",
            "timeouts": null,
            "v4_cidr_blocks": [
              "172.16.0.0/16"
            ],
            "v6_cidr_blocks": [],
            "zone": "ru-central1-b"
          },
          "sensitive_attributes": [],
          "identity_schema_version": 0,
          "private": "eyJlMmJmYjczMC1lY2FhLTExZTYtOGY4OC0zNDM2M2JjN2M0YzAiOnsiY3JlYXRlIjoxODAwMDAwMDAwMDAsImRlbGV0ZSI6MTgwMDAwMDAwMDAwLCJ1cGRhdGUiOjE4MDAwMDAwMDAwMH19",
          "dependencies": [
            "module.network.yandex_vpc_network.this"
          ]
        }
      ]
    },
    {
      "module": "module.node_group",
      "mode": "managed",
      "type": "yandex_kubernetes_node_group",
      "name": "this",
      "provider": "module.node_group.provider[\"registry.terraform.io/yandex-cloud/yandex\"]",
      "instances": [
        {
          "schema_version": 0,
          "attributes": {
            "allocation_policy": [
              {
                "location": [
                  {
                    "subnet_id": "e2lm4ls2vnpknrs7g85f",
                    "zone": "ru-central1-b"
                  }
                ]
              }
            ],
            "allowed_unsafe_sysctls": null,
            "cluster_id": "cattoutqj5pgso1vko4u",
            "created_at": "2026-04-24T10:31:49Z",
            "deploy_policy": [
              {
                "max_expansion": 3,
                "max_unavailable": 0
              }
            ],
            "description": "",
            "id": "catvts8bdlga1pfdusph",
            "instance_group_id": "cl1delrub6158f02t3af",
            "instance_template": [
              {
                "boot_disk": [
                  {
                    "size": 70,
                    "type": "network-hdd"
                  }
                ],
                "container_network": [
                  {
                    "pod_mtu": 0
                  }
                ],
                "container_runtime": [],
                "gpu_settings": [],
                "labels": null,
                "metadata": {},
                "name": "",
                "nat": true,
                "network_acceleration_type": "type_unspecified",
                "network_interface": [
                  {
                    "ipv4": true,
                    "ipv4_dns_records": [],
                    "ipv6": false,
                    "ipv6_dns_records": [],
                    "nat": true,
                    "security_group_ids": null,
                    "subnet_ids": [
                      "e2lm4ls2vnpknrs7g85f"
                    ]
                  }
                ],
                "placement_policy": [],
                "platform_id": "standard-v1",
                "resources": [
                  {
                    "core_fraction": 100,
                    "cores": 2,
                    "gpus": 0,
                    "memory": 4
                  }
                ],
                "scheduling_policy": [
                  {
                    "preemptible": false
                  }
                ]
              }
            ],
            "labels": {},
            "maintenance_policy": [
              {
                "auto_repair": true,
                "auto_upgrade": true,
                "maintenance_window": []
              }
            ],
            "name": "prod-k8s-node-group",
            "node_labels": null,
            "node_taints": null,
            "scale_policy": [
              {
                "auto_scale": [
                  {
                    "initial": 1,
                    "max": 5,
                    "min": 1
                  }
                ],
                "fixed_scale": []
              }
            ],
            "status": "running",
            "timeouts": null,
            "version": "1.32",
            "version_info": [
              {
                "current_version": "1.32",
                "new_revision_available": false,
                "new_revision_summary": "",
                "version_deprecated": false
              }
            ]
          },
          "sensitive_attributes": [],
          "identity_schema_version": 0,
          "private": "eyJlMmJmYjczMC1lY2FhLTExZTYtOGY4OC0zNDM2M2JjN2M0YzAiOnsiY3JlYXRlIjozNjAwMDAwMDAwMDAwLCJkZWxldGUiOjEyMDAwMDAwMDAwMDAsInJlYWQiOjYwMDAwMDAwMDAwMCwidXBkYXRlIjozNjAwMDAwMDAwMDAwfX0=",
          "dependencies": [
            "module.iam.yandex_iam_service_account.this",
            "module.k8s_cluster.yandex_kubernetes_cluster.this",
            "module.network.yandex_vpc_network.this",
            "module.network.yandex_vpc_subnet.this"
          ]
        }
      ]
    }
  ],
  "check_results": null
}
